{
  "nodes": {
    "multiverse": {
      "locked": {
        "lastModified": 1789158812,
        "narHash": "sha256-f7ImFehiGdNILVIyZXdJBoYJQYoyfoovIvqWFQ3s8Rc=",
        "owner": "fzakaria",
        "repo": "nixpkgs-multiverse",
        "rev": "c0a4b9aa6abeb72e0bf44cc6111b7b0424f2836a",
        "type": "github"
      },
      "original": {
        "owner": "fzakaria",
        "repo": "nixpkgs-multiverse",
        "type": "github"
      }
    },
    "nixpkgs": {
      "locked": {
        "lastModified": 1789073787,
        "narHash": "sha256-xfX/toC2QV707s06GbP4II/TxYF0fNQj7s5/LClNDKc=",
        "owner": "NixOS",
        "repo": "nixpkgs",
        "rev": "aff8a0b28396750446e5537a96461bc4facdb287",
        "type": "github"
      },
      "original": {
        "owner": "NixOS",
        "ref": "nixpkgs-unstable",
        "repo": "nixpkgs",
        "type": "github"
      }
    },
    "root": {
      "inputs": {
        "multiverse": "multiverse",
        "nixpkgs": "nixpkgs"
      }
    }
  },
  "root": "root",
  "version": 7
}
